// !$*UTF8*$!
{
	archiveVersion = 1;
	classes = {
	};
	objectVersion = 55;
	objects = {

/* Begin PBXBuildFile section */
		455EAE9A28B6FAE5004231E9 /* AppDelegate.swift in Sources */ = {isa = PBXBuildFile; fileRef = 455EAE9928B6FAE5004231E9 /* AppDelegate.swift */; };
		455EAE9C28B6FAE5004231E9 /* SceneDelegate.swift in Sources */ = {isa = PBXBuildFile; fileRef = 455EAE9B28B6FAE5004231E9 /* SceneDelegate.swift */; };
		455EAE9E28B6FAE5004231E9 /* HomeViewController.swift in Sources */ = {isa = PBXBuildFile; fileRef = 455EAE9D28B6FAE5004231E9 /* HomeViewController.swift */; };
		455EAEA128B6FAE5004231E9 /* Main.storyboard in Resources */ = {isa = PBXBuildFile; fileRef = 455EAE9F28B6FAE5004231E9 /* Main.storyboard */; };
		455EAEA328B6FAE6004231E9 /* Assets.xcassets in Resources */ = {isa = PBXBuildFile; fileRef = 455EAEA228B6FAE6004231E9 /* Assets.xcassets */; };
		455EAEA628B6FAE6004231E9 /* LaunchScreen.storyboard in Resources */ = {isa = PBXBuildFile; fileRef = 455EAEA428B6FAE6004231E9 /* LaunchScreen.storyboard */; };
		455EAEB128B6FAE6004231E9 /* _0220824_TadreikCampbell_NYCSchoolsTests.swift in Sources */ = {isa = PBXBuildFile; fileRef = 455EAEB028B6FAE6004231E9 /* _0220824_TadreikCampbell_NYCSchoolsTests.swift */; };
		455EAEBB28B6FAE6004231E9 /* _0220824_TadreikCampbell_NYCSchoolsUITests.swift in Sources */ = {isa = PBXBuildFile; fileRef = 455EAEBA28B6FAE6004231E9 /* _0220824_TadreikCampbell_NYCSchoolsUITests.swift */; };
		455EAEBD28B6FAE6004231E9 /* _0220824_TadreikCampbell_NYCSchoolsUITestsLaunchTests.swift in Sources */ = {isa = PBXBuildFile; fileRef = 455EAEBC28B6FAE6004231E9 /* _0220824_TadreikCampbell_NYCSchoolsUITestsLaunchTests.swift */; };
/* End PBXBuildFile section */

/* Begin PBXContainerItemProxy section */
		455EAEAD28B6FAE6004231E9 /* PBXContainerItemProxy */ = {
			isa = PBXContainerItemProxy;
			containerPortal = 455EAE8E28B6FAE5004231E9 /* Project object */;
			proxyType = 1;
			remoteGlobalIDString = 455EAE9528B6FAE5004231E9;
			remoteInfo = "20220824-TadreikCampbell-NYCSchools";
		};
		455EAEB728B6FAE6004231E9 /* PBXContainerItemProxy */ = {
			isa = PBXContainerItemProxy;
			containerPortal = 455EAE8E28B6FAE5004231E9 /* Project object */;
			proxyType = 1;
			remoteGlobalIDString = 455EAE9528B6FAE5004231E9;
			remoteInfo = "20220824-TadreikCampbell-NYCSchools";
		};
/* End PBXContainerItemProxy section */

/* Begin PBXFileReference section */
		455EAE9628B6FAE5004231E9 /* 20220824-TadreikCampbell-NYCSchools.app */ = {isa = PBXFileReference; explicitFileType = wrapper.application; includeInIndex = 0; path = "20220824-TadreikCampbell-NYCSchools.app"; sourceTree = BUILT_PRODUCTS_DIR; };
		455EAE9928B6FAE5004231E9 /* AppDelegate.swift */ = {isa = PBXFileReference; lastKnownFileType = sourcecode.swift; path = AppDelegate.swift; sourceTree = "<group>"; };
		455EAE9B28B6FAE5004231E9 /* SceneDelegate.swift */ = {isa = PBXFileReference; lastKnownFileType = sourcecode.swift; path = SceneDelegate.swift; sourceTree = "<group>"; };
		455EAE9D28B6FAE5004231E9 /* HomeViewController.swift */ = {isa = PBXFileReference; lastKnownFileType = sourcecode.swift; path = HomeViewController.swift; sourceTree = "<group>"; };
		455EAEA028B6FAE5004231E9 /* Base */ = {isa = PBXFileReference; lastKnownFileType = file.storyboard; name = Base; path = Base.lproj/Main.storyboard; sourceTree = "<group>"; };
		455EAEA228B6FAE6004231E9 /* Assets.xcassets */ = {isa = PBXFileReference; lastKnownFileType = folder.assetcatalog; path = Assets.xcassets; sourceTree = "<group>"; };
		455EAEA528B6FAE6004231E9 /* Base */ = {isa = PBXFileReference; lastKnownFileType = file.storyboard; name = Base; path = Base.lproj/LaunchScreen.storyboard; sourceTree = "<group>"; };
		455EAEA728B6FAE6004231E9 /* Info.plist */ = {isa = PBXFileReference; lastKnownFileType = text.plist.xml; path = Info.plist; sourceTree = "<group>"; };
		455EAEAC28B6FAE6004231E9 /* 20220824-TadreikCampbell-NYCSchoolsTests.xctest */ = {isa = PBXFileReference; explicitFileType = wrapper.cfbundle; includeInIndex = 0; path = "20220824-TadreikCampbell-NYCSchoolsTests.xctest"; sourceTree = BUILT_PRODUCTS_DIR; };
		455EAEB028B6FAE6004231E9 /* _0220824_TadreikCampbell_NYCSchoolsTests.swift */ = {isa = PBXFileReference; lastKnownFileType = sourcecode.swift; path = _0220824_TadreikCampbell_NYCSchoolsTests.swift; sourceTree = "<group>"; };
		455EAEB628B6FAE6004231E9 /* 20220824-TadreikCampbell-NYCSchoolsUITests.xctest */ = {isa = PBXFileReference; explicitFileType = wrapper.cfbundle; includeInIndex = 0; path = "20220824-TadreikCampbell-NYCSchoolsUITests.xctest"; sourceTree = BUILT_PRODUCTS_DIR; };
		455EAEBA28B6FAE6004231E9 /* _0220824_TadreikCampbell_NYCSchoolsUITests.swift */ = {isa = PBXFileReference; lastKnownFileType = sourcecode.swift; path = _0220824_TadreikCampbell_NYCSchoolsUITests.swift; sourceTree = "<group>"; };
		455EAEBC28B6FAE6004231E9 /* _0220824_TadreikCampbell_NYCSchoolsUITestsLaunchTests.swift */ = {isa = PBXFileReference; lastKnownFileType = sourcecode.swift; path = _0220824_TadreikCampbell_NYCSchoolsUITestsLaunchTests.swift; sourceTree = "<group>"; };
/* End PBXFileReference section */

/* Begin PBXFrameworksBuildPhase section */
		455EAE9328B6FAE5004231E9 /* Frameworks */ = {
			isa = PBXFrameworksBuildPhase;
			buildActionMask = 2147483647;
			files = (
			);
			runOnlyForDeploymentPostprocessing = 0;
		};
		455EAEA928B6FAE6004231E9 /* Frameworks */ = {
			isa = PBXFrameworksBuildPhase;
			buildActionMask = 2147483647;
			files = (
			);
			runOnlyForDeploymentPostprocessing = 0;
		};
		455EAEB328B6FAE6004231E9 /* Frameworks */ = {
			isa = PBXFrameworksBuildPhase;
			buildActionMask = 2147483647;
			files = (
			);
			runOnlyForDeploymentPostprocessing = 0;
		};
/* End PBXFrameworksBuildPhase section */

/* Begin PBXGroup section */
		455EAE8D28B6FAE5004231E9 = {
			isa = PBXGroup;
			children = (
				455EAE9828B6FAE5004231E9 /* 20220824-TadreikCampbell-NYCSchools */,
				455EAEAF28B6FAE6004231E9 /* 20220824-TadreikCampbell-NYCSchoolsTests */,
				455EAEB928B6FAE6004231E9 /* 20220824-TadreikCampbell-NYCSchoolsUITests */,
				455EAE9728B6FAE5004231E9 /* Products */,
			);
			sourceTree = "<group>";
		};
		455EAE9728B6FAE5004231E9 /* Products */ = {
			isa = PBXGroup;
			children = (
				455EAE9628B6FAE5004231E9 /* 20220824-TadreikCampbell-NYCSchools.app */,
				455EAEAC28B6FAE6004231E9 /* 20220824-TadreikCampbell-NYCSchoolsTests.xctest */,
				455EAEB628B6FAE6004231E9 /* 20220824-TadreikCampbell-NYCSchoolsUITests.xctest */,
			);
			name = Products;
			sourceTree = "<group>";
		};
		455EAE9828B6FAE5004231E9 /* 20220824-TadreikCampbell-NYCSchools */ = {
			isa = PBXGroup;
			children = (
				455EAECB28B6FB3E004231E9 /* Main */,
				455EAECA28B6FB30004231E9 /* Screens */,
				455EAECE28B6FB91004231E9 /* Models */,
				455EAECF28B6FBAB004231E9 /* Network */,
				455EAEC928B6FB28004231E9 /* Extensions */,
				455EAE9F28B6FAE5004231E9 /* Main.storyboard */,
				455EAEA228B6FAE6004231E9 /* Assets.xcassets */,
				455EAEA428B6FAE6004231E9 /* LaunchScreen.storyboard */,
				455EAEA728B6FAE6004231E9 /* Info.plist */,
			);
			path = "20220824-TadreikCampbell-NYCSchools";
			sourceTree = "<group>";
		};
		455EAEAF28B6FAE6004231E9 /* 20220824-TadreikCampbell-NYCSchoolsTests */ = {
			isa = PBXGroup;
			children = (
				455EAEB028B6FAE6004231E9 /* _0220824_TadreikCampbell_NYCSchoolsTests.swift */,
			);
			path = "20220824-TadreikCampbell-NYCSchoolsTests";
			sourceTree = "<group>";
		};
		455EAEB928B6FAE6004231E9 /* 20220824-TadreikCampbell-NYCSchoolsUITests */ = {
			isa = PBXGroup;
			children = (
				455EAEBA28B6FAE6004231E9 /* _0220824_TadreikCampbell_NYCSchoolsUITests.swift */,
				455EAEBC28B6FAE6004231E9 /* _0220824_TadreikCampbell_NYCSchoolsUITestsLaunchTests.swift */,
			);
			path = "20220824-TadreikCampbell-NYCSchoolsUITests";
			sourceTree = "<group>";
		};
		455EAEC928B6FB28004231E9 /* Extensions */ = {
			isa = PBXGroup;
			children = (
			);
			path = Extensions;
			sourceTree = "<group>";
		};
		455EAECA28B6FB30004231E9 /* Screens */ = {
			isa = PBXGroup;
			children = (
				455EAECC28B6FB5B004231E9 /* Home */,
				455EAECD28B6FB62004231E9 /* SchoolInfo */,
			);
			path = Screens;
			sourceTree = "<group>";
		};
		455EAECB28B6FB3E004231E9 /* Main */ = {
			isa = PBXGroup;
			children = (
				455EAE9928B6FAE5004231E9 /* AppDelegate.swift */,
				455EAE9B28B6FAE5004231E9 /* SceneDelegate.swift */,
			);
			path = Main;
			sourceTree = "<group>";
		};
		455EAECC28B6FB5B004231E9 /* Home */ = {
			isa = PBXGroup;
			children = (
				455EAE9D28B6FAE5004231E9 /* HomeViewController.swift */,
			);
			path = Home;
			sourceTree = "<group>";
		};
		455EAECD28B6FB62004231E9 /* SchoolInfo */ = {
			isa = PBXGroup;
			children = (
			);
			path = SchoolInfo;
			sourceTree = "<group>";
		};
		455EAECE28B6FB91004231E9 /* Models */ = {
			isa = PBXGroup;
			children = (
			);
			path = Models;
			sourceTree = "<group>";
		};
		455EAECF28B6FBAB004231E9 /* Network */ = {
			isa = PBXGroup;
			children = (
			);
			path = Network;
			sourceTree = "<group>";
		};
/* End PBXGroup section */

/* Begin PBXNativeTarget section */
		455EAE9528B6FAE5004231E9 /* 20220824-TadreikCampbell-NYCSchools */ = {
			isa = PBXNativeTarget;
			buildConfigurationList = 455EAEC028B6FAE6004231E9 /* Build configuration list for PBXNativeTarget "20220824-TadreikCampbell-NYCSchools" */;
			buildPhases = (
				455EAE9228B6FAE5004231E9 /* Sources */,
				455EAE9328B6FAE5004231E9 /* Frameworks */,
				455EAE9428B6FAE5004231E9 /* Resources */,
			);
			buildRules = (
			);
			dependencies = (
			);
			name = "20220824-TadreikCampbell-NYCSchools";
			productName = "20220824-TadreikCampbell-NYCSchools";
			productReference = 455EAE9628B6FAE5004231E9 /* 20220824-TadreikCampbell-NYCSchools.app */;
			productType = "com.apple.product-type.application";
		};
		455EAEAB28B6FAE6004231E9 /* 20220824-TadreikCampbell-NYCSchoolsTests */ = {
			isa = PBXNativeTarget;
			buildConfigurationList = 455EAEC328B6FAE6004231E9 /* Build configuration list for PBXNativeTarget "20220824-TadreikCampbell-NYCSchoolsTests" */;
			buildPhases = (
				455EAEA828B6FAE6004231E9 /* Sources */,
				455EAEA928B6FAE6004231E9 /* Frameworks */,
				455EAEAA28B6FAE6004231E9 /* Resources */,
			);
			buildRules = (
			);
			dependencies = (
				455EAEAE28B6FAE6004231E9 /* PBXTargetDependency */,
			);
			name = "20220824-TadreikCampbell-NYCSchoolsTests";
			productName = "20220824-TadreikCampbell-NYCSchoolsTests";
			productReference = 455EAEAC28B6FAE6004231E9 /* 20220824-TadreikCampbell-NYCSchoolsTests.xctest */;
			productType = "com.apple.product-type.bundle.unit-test";
		};
		455EAEB528B6FAE6004231E9 /* 20220824-TadreikCampbell-NYCSchoolsUITests */ = {
			isa = PBXNativeTarget;
			buildConfigurationList = 455EAEC628B6FAE6004231E9 /* Build configuration list for PBXNativeTarget "20220824-TadreikCampbell-NYCSchoolsUITests" */;
			buildPhases = (
				455EAEB228B6FAE6004231E9 /* Sources */,
				455EAEB328B6FAE6004231E9 /* Frameworks */,
				455EAEB428B6FAE6004231E9 /* Resources */,
			);
			buildRules = (
			);
			dependencies = (
				455EAEB828B6FAE6004231E9 /* PBXTargetDependency */,
			);
			name = "20220824-TadreikCampbell-NYCSchoolsUITests";
			productName = "20220824-TadreikCampbell-NYCSchoolsUITests";
			productReference = 455EAEB628B6FAE6004231E9 /* 20220824-TadreikCampbell-NYCSchoolsUITests.xctest */;
			productType = "com.apple.product-type.bundle.ui-testing";
		};
/* End PBXNativeTarget section */

/* Begin PBXProject section */
		455EAE8E28B6FAE5004231E9 /* Project object */ = {
			isa = PBXProject;
			attributes = {
				BuildIndependentTargetsInParallel = 1;
				LastSwiftUpdateCheck = 1340;
				LastUpgradeCheck = 1340;
				TargetAttributes = {
					455EAE9528B6FAE5004231E9 = {
						CreatedOnToolsVersion = 13.4;
					};
					455EAEAB28B6FAE6004231E9 = {
						CreatedOnToolsVersion = 13.4;
						TestTargetID = 455EAE9528B6FAE5004231E9;
					};
					455EAEB528B6FAE6004231E9 = {
						CreatedOnToolsVersion = 13.4;
						TestTargetID = 455EAE9528B6FAE5004231E9;
					};
				};
			};
			buildConfigurationList = 455EAE9128B6FAE5004231E9 /* Build configuration list for PBXProject "20220824-TadreikCampbell-NYCSchools" */;
			compatibilityVersion = "Xcode 13.0";
			developmentRegion = en;
			hasScannedForEncodings = 0;
			knownRegions = (
				en,
				Base,
			);
			mainGroup = 455EAE8D28B6FAE5004231E9;
			productRefGroup = 455EAE9728B6FAE5004231E9 /* Products */;
			projectDirPath = "";
			projectRoot = "";
			targets = (
				455EAE9528B6FAE5004231E9 /* 20220824-TadreikCampbell-NYCSchools */,
				455EAEAB28B6FAE6004231E9 /* 20220824-TadreikCampbell-NYCSchoolsTests */,
				455EAEB528B6FAE6004231E9 /* 20220824-TadreikCampbell-NYCSchoolsUITests */,
			);
		};
/* End PBXProject section */

/* Begin PBXResourcesBuildPhase section */
		455EAE9428B6FAE5004231E9 /* Resources */ = {
			isa = PBXResourcesBuildPhase;
			buildActionMask = 2147483647;
			files = (
				455EAEA628B6FAE6004231E9 /* LaunchScreen.storyboard in Resources */,
				455EAEA328B6FAE6004231E9 /* Assets.xcassets in Resources */,
				455EAEA128B6FAE5004231E9 /* Main.storyboard in Resources */,
			);
			runOnlyForDeploymentPostprocessing = 0;
		};
		455EAEAA28B6FAE6004231E9 /* Resources */ = {
			isa = PBXResourcesBuildPhase;
			buildActionMask = 2147483647;
			files = (
			);
			runOnlyForDeploymentPostprocessing = 0;
		};
		455EAEB428B6FAE6004231E9 /* Resources */ = {
			isa = PBXResourcesBuildPhase;
			buildActionMask = 2147483647;
			files = (
			);
			runOnlyForDeploymentPostprocessing = 0;
		};
/* End PBXResourcesBuildPhase section */

/* Begin PBXSourcesBuildPhase section */
		455EAE9228B6FAE5004231E9 /* Sources */ = {
			isa = PBXSourcesBuildPhase;
			buildActionMask = 2147483647;
			files = (
				455EAE9E28B6FAE5004231E9 /* HomeViewController.swift in Sources */,
				455EAE9A28B6FAE5004231E9 /* AppDelegate.swift in Sources */,
				455EAE9C28B6FAE5004231E9 /* SceneDelegate.swift in Sources */,
			);
			runOnlyForDeploymentPostprocessing = 0;
		};
		455EAEA828B6FAE6004231E9 /* Sources */ = {
			isa = PBXSourcesBuildPhase;
			buildActionMask = 2147483647;
			files = (
				455EAEB128B6FAE6004231E9 /* _0220824_TadreikCampbell_NYCSchoolsTests.swift in Sources */,
			);
			runOnlyForDeploymentPostprocessing = 0;
		};
		455EAEB228B6FAE6004231E9 /* Sources */ = {
			isa = PBXSourcesBuildPhase;
			buildActionMask = 2147483647;
			files = (
				455EAEBB28B6FAE6004231E9 /* _0220824_TadreikCampbell_NYCSchoolsUITests.swift in Sources */,
				455EAEBD28B6FAE6004231E9 /* _0220824_TadreikCampbell_NYCSchoolsUITestsLaunchTests.swift in Sources */,
			);
			runOnlyForDeploymentPostprocessing = 0;
		};
/* End PBXSourcesBuildPhase section */

/* Begin PBXTargetDependency section */
		455EAEAE28B6FAE6004231E9 /* PBXTargetDependency */ = {
			isa = PBXTargetDependency;
			target = 455EAE9528B6FAE5004231E9 /* 20220824-TadreikCampbell-NYCSchools */;
			targetProxy = 455EAEAD28B6FAE6004231E9 /* PBXContainerItemProxy */;
		};
		455EAEB828B6FAE6004231E9 /* PBXTargetDependency */ = {
			isa = PBXTargetDependency;
			target = 455EAE9528B6FAE5004231E9 /* 20220824-TadreikCampbell-NYCSchools */;
			targetProxy = 455EAEB728B6FAE6004231E9 /* PBXContainerItemProxy */;
		};
/* End PBXTargetDependency section */

/* Begin PBXVariantGroup section */
		455EAE9F28B6FAE5004231E9 /* Main.storyboard */ = {
			isa = PBXVariantGroup;
			children = (
				455EAEA028B6FAE5004231E9 /* Base */,
			);
			name = Main.storyboard;
			sourceTree = "<group>";
		};
		455EAEA428B6FAE6004231E9 /* LaunchScreen.storyboard */ = {
			isa = PBXVariantGroup;
			children = (
				455EAEA528B6FAE6004231E9 /* Base */,
			);
			name = LaunchScreen.storyboard;
			sourceTree = "<group>";
		};
/* End PBXVariantGroup section */

/* Begin XCBuildConfiguration section */
		455EAEBE28B6FAE6004231E9 /* Debug */ = {
			isa = XCBuildConfiguration;
			buildSettings = {
				ALWAYS_SEARCH_USER_PATHS = NO;
				CLANG_ANALYZER_NONNULL = YES;
				CLANG_ANALYZER_NUMBER_OBJECT_CONVERSION = YES_AGGRESSIVE;
				CLANG_CXX_LANGUAGE_STANDARD = "gnu++17";
				CLANG_ENABLE_MODULES = YES;
				CLANG_ENABLE_OBJC_ARC = YES;
				CLANG_ENABLE_OBJC_WEAK = YES;
				CLANG_WARN_BLOCK_CAPTURE_AUTORELEASING = YES;
				CLANG_WARN_BOOL_CONVERSION = YES;
				CLANG_WARN_COMMA = YES;
				CLANG_WARN_CONSTANT_CONVERSION = YES;
				CLANG_WARN_DEPRECATED_OBJC_IMPLEMENTATIONS = YES;
				CLANG_WARN_DIRECT_OBJC_ISA_USAGE = YES_ERROR;
				CLANG_WARN_DOCUMENTATION_COMMENTS = YES;
				CLANG_WARN_EMPTY_BODY = YES;
				CLANG_WARN_ENUM_CONVERSION = YES;
				CLANG_WARN_INFINITE_RECURSION = YES;
				CLANG_WARN_INT_CONVERSION = YES;
				CLANG_WARN_NON_LITERAL_NULL_CONVERSION = YES;
				CLANG_WARN_OBJC_IMPLICIT_RETAIN_SELF = YES;
				CLANG_WARN_OBJC_LITERAL_CONVERSION = YES;
				CLANG_WARN_OBJC_ROOT_CLASS = YES_ERROR;
				CLANG_WARN_QUOTED_INCLUDE_IN_FRAMEWORK_HEADER = YES;
				CLANG_WARN_RANGE_LOOP_ANALYSIS = YES;
				CLANG_WARN_STRICT_PROTOTYPES = YES;
				CLANG_WARN_SUSPICIOUS_MOVE = YES;
				CLANG_WARN_UNGUARDED_AVAILABILITY = YES_AGGRESSIVE;
				CLANG_WARN_UNREACHABLE_CODE = YES;
				CLANG_WARN__DUPLICATE_METHOD_MATCH = YES;
				COPY_PHASE_STRIP = NO;
				DEBUG_INFORMATION_FORMAT = dwarf;
				ENABLE_STRICT_OBJC_MSGSEND = YES;
				ENABLE_TESTABILITY = YES;
				GCC_C_LANGUAGE_STANDARD = gnu11;
				GCC_DYNAMIC_NO_PIC = NO;
				GCC_NO_COMMON_BLOCKS = YES;
				GCC_OPTIMIZATION_LEVEL = 0;
				GCC_PREPROCESSOR_DEFINITIONS = (
					"DEBUG=1",
					"$(inherited)",
				);
				GCC_WARN_64_TO_32_BIT_CONVERSION = YES;
				GCC_WARN_ABOUT_RETURN_TYPE = YES_ERROR;
				GCC_WARN_UNDECLARED_SELECTOR = YES;
				GCC_WARN_UNINITIALIZED_AUTOS = YES_AGGRESSIVE;
				GCC_WARN_UNUSED_FUNCTION = YES;
				GCC_WARN_UNUSED_VARIABLE = YES;
				IPHONEOS_DEPLOYMENT_TARGET = 15.5;
				MTL_ENABLE_DEBUG_INFO = INCLUDE_SOURCE;
				MTL_FAST_MATH = YES;
				ONLY_ACTIVE_ARCH = YES;
				SDKROOT = iphoneos;
				SWIFT_ACTIVE_COMPILATION_CONDITIONS = DEBUG;
				SWIFT_OPTIMIZATION_LEVEL = "-Onone";
			};
			name = Debug;
		};
		455EAEBF28B6FAE6004231E9 /* Release */ = {
			isa = XCBuildConfiguration;
			buildSettings = {
				ALWAYS_SEARCH_USER_PATHS = NO;
				CLANG_ANALYZER_NONNULL = YES;
				CLANG_ANALYZER_NUMBER_OBJECT_CONVERSION = YES_AGGRESSIVE;
				CLANG_CXX_LANGUAGE_STANDARD = "gnu++17";
				CLANG_ENABLE_MODULES = YES;
				CLANG_ENABLE_OBJC_ARC = YES;
				CLANG_ENABLE_OBJC_WEAK = YES;
				CLANG_WARN_BLOCK_CAPTURE_AUTORELEASING = YES;
				CLANG_WARN_BOOL_CONVERSION = YES;
				CLANG_WARN_COMMA = YES;
				CLANG_WARN_CONSTANT_CONVERSION = YES;
				CLANG_WARN_DEPRECATED_OBJC_IMPLEMENTATIONS = YES;
				CLANG_WARN_DIRECT_OBJC_ISA_USAGE = YES_ERROR;
				CLANG_WARN_DOCUMENTATION_COMMENTS = YES;
				CLANG_WARN_EMPTY_BODY = YES;
				CLANG_WARN_ENUM_CONVERSION = YES;
				CLANG_WARN_INFINITE_RECURSION = YES;
				CLANG_WARN_INT_CONVERSION = YES;
				CLANG_WARN_NON_LITERAL_NULL_CONVERSION = YES;
				CLANG_WARN_OBJC_IMPLICIT_RETAIN_SELF = YES;
				CLANG_WARN_OBJC_LITERAL_CONVERSION = YES;
				CLANG_WARN_OBJC_ROOT_CLASS = YES_ERROR;
				CLANG_WARN_QUOTED_INCLUDE_IN_FRAMEWORK_HEADER = YES;
				CLANG_WARN_RANGE_LOOP_ANALYSIS = YES;
				CLANG_WARN_STRICT_PROTOTYPES = YES;
				CLANG_WARN_SUSPICIOUS_MOVE = YES;
				CLANG_WARN_UNGUARDED_AVAILABILITY = YES_AGGRESSIVE;
				CLANG_WARN_UNREACHABLE_CODE = YES;
				CLANG_WARN__DUPLICATE_METHOD_MATCH = YES;
				COPY_PHASE_STRIP = NO;
				DEBUG_INFORMATION_FORMAT = "dwarf-with-dsym";
				ENABLE_NS_ASSERTIONS = NO;
				ENABLE_STRICT_OBJC_MSGSEND = YES;
				GCC_C_LANGUAGE_STANDARD = gnu11;
				GCC_NO_COMMON_BLOCKS = YES;
				GCC_WARN_64_TO_32_BIT_CONVERSION = YES;
				GCC_WARN_ABOUT_RETURN_TYPE = YES_ERROR;
				GCC_WARN_UNDECLARED_SELECTOR = YES;
				GCC_WARN_UNINITIALIZED_AUTOS = YES_AGGRESSIVE;
				GCC_WARN_UNUSED_FUNCTION = YES;
				GCC_WARN_UNUSED_VARIABLE = YES;
				IPHONEOS_DEPLOYMENT_TARGET = 15.5;
				MTL_ENABLE_DEBUG_INFO = NO;
				MTL_FAST_MATH = YES;
				SDKROOT = iphoneos;
				SWIFT_COMPILATION_MODE = wholemodule;
				SWIFT_OPTIMIZATION_LEVEL = "-O";
				VALIDATE_PRODUCT = YES;
			};
			name = Release;
		};
		455EAEC128B6FAE6004231E9 /* Debug */ = {
			isa = XCBuildConfiguration;
			buildSettings = {
				ASSETCATALOG_COMPILER_APPICON_NAME = AppIcon;
				ASSETCATALOG_COMPILER_GLOBAL_ACCENT_COLOR_NAME = AccentColor;
				CODE_SIGN_STYLE = Automatic;
				CURRENT_PROJECT_VERSION = 1;
				DEVELOPMENT_TEAM = HJXYY5247H;
				GENERATE_INFOPLIST_FILE = YES;
				INFOPLIST_FILE = "20220824-TadreikCampbell-NYCSchools/Info.plist";
				INFOPLIST_KEY_UIApplicationSupportsIndirectInputEvents = YES;
				INFOPLIST_KEY_UILaunchStoryboardName = LaunchScreen;
				INFOPLIST_KEY_UIMainStoryboardFile = Main;
				INFOPLIST_KEY_UISupportedInterfaceOrientations_iPad = "UIInterfaceOrientationPortrait UIInterfaceOrientationPortraitUpsideDown UIInterfaceOrientationLandscapeLeft UIInterfaceOrientationLandscapeRight";
				INFOPLIST_KEY_UISupportedInterfaceOrientations_iPhone = "UIInterfaceOrientationPortrait UIInterfaceOrientationLandscapeLeft UIInterfaceOrientationLandscapeRight";
				LD_RUNPATH_SEARCH_PATHS = (
					"$(inherited)",
					"@executable_path/Frameworks",
				);
				MARKETING_VERSION = 1.0;
				PRODUCT_BUNDLE_IDENTIFIER = "com.tadreik.-0220824-TadreikCampbell-NYCSchools";
				PRODUCT_NAME = "$(TARGET_NAME)";
				SWIFT_EMIT_LOC_STRINGS = YES;
				SWIFT_VERSION = 5.0;
				TARGETED_DEVICE_FAMILY = "1,2";
			};
			name = Debug;
		};
		455EAEC228B6FAE6004231E9 /* Release */ = {
			isa = XCBuildConfiguration;
			buildSettings = {
				ASSETCATALOG_COMPILER_APPICON_NAME = AppIcon;
				ASSETCATALOG_COMPILER_GLOBAL_ACCENT_COLOR_NAME = AccentColor;
				CODE_SIGN_STYLE = Automatic;
				CURRENT_PROJECT_VERSION = 1;
				DEVELOPMENT_TEAM = HJXYY5247H;
				GENERATE_INFOPLIST_FILE = YES;
				INFOPLIST_FILE = "20220824-TadreikCampbell-NYCSchools/Info.plist";
				INFOPLIST_KEY_UIApplicationSupportsIndirectInputEvents = YES;
				INFOPLIST_KEY_UILaunchStoryboardName = LaunchScreen;
				INFOPLIST_KEY_UIMainStoryboardFile = Main;
				INFOPLIST_KEY_UISupportedInterfaceOrientations_iPad = "UIInterfaceOrientationPortrait UIInterfaceOrientationPortraitUpsideDown UIInterfaceOrientationLandscapeLeft UIInterfaceOrientationLandscapeRight";
				INFOPLIST_KEY_UISupportedInterfaceOrientations_iPhone = "UIInterfaceOrientationPortrait UIInterfaceOrientationLandscapeLeft UIInterfaceOrientationLandscapeRight";
				LD_RUNPATH_SEARCH_PATHS = (
					"$(inherited)",
					"@executable_path/Frameworks",
				);
				MARKETING_VERSION = 1.0;
				PRODUCT_BUNDLE_IDENTIFIER = "com.tadreik.-0220824-TadreikCampbell-NYCSchools";
				PRODUCT_NAME = "$(TARGET_NAME)";
				SWIFT_EMIT_LOC_STRINGS = YES;
				SWIFT_VERSION = 5.0;
				TARGETED_DEVICE_FAMILY = "1,2";
			};
			name = Release;
		};
		455EAEC428B6FAE6004231E9 /* Debug */ = {
			isa = XCBuildConfiguration;
			buildSettings = {
				ALWAYS_EMBED_SWIFT_STANDARD_LIBRARIES = YES;
				BUNDLE_LOADER = "$(TEST_HOST)";
				CODE_SIGN_STYLE = Automatic;
				CURRENT_PROJECT_VERSION = 1;
				DEVELOPMENT_TEAM = HJXYY5247H;
				GENERATE_INFOPLIST_FILE = YES;
				IPHONEOS_DEPLOYMENT_TARGET = 15.5;
				MARKETING_VERSION = 1.0;
				PRODUCT_BUNDLE_IDENTIFIER = "com.tadreik.-0220824-TadreikCampbell-NYCSchoolsTests";
				PRODUCT_NAME = "$(TARGET_NAME)";
				SWIFT_EMIT_LOC_STRINGS = NO;
				SWIFT_VERSION = 5.0;
				TARGETED_DEVICE_FAMILY = "1,2";
				TEST_HOST = "$(BUILT_PRODUCTS_DIR)/20220824-TadreikCampbell-NYCSchools.app/20220824-TadreikCampbell-NYCSchools";
			};
			name = Debug;
		};
		455EAEC528B6FAE6004231E9 /* Release */ = {
			isa = XCBuildConfiguration;
			buildSettings = {
				ALWAYS_EMBED_SWIFT_STANDARD_LIBRARIES = YES;
				BUNDLE_LOADER = "$(TEST_HOST)";
				CODE_SIGN_STYLE = Automatic;
				CURRENT_PROJECT_VERSION = 1;
				DEVELOPMENT_TEAM = HJXYY5247H;
				GENERATE_INFOPLIST_FILE = YES;
				IPHONEOS_DEPLOYMENT_TARGET = 15.5;
				MARKETING_VERSION = 1.0;
				PRODUCT_BUNDLE_IDENTIFIER = "com.tadreik.-0220824-TadreikCampbell-NYCSchoolsTests";
				PRODUCT_NAME = "$(TARGET_NAME)";
				SWIFT_EMIT_LOC_STRINGS = NO;
				SWIFT_VERSION = 5.0;
				TARGETED_DEVICE_FAMILY = "1,2";
				TEST_HOST = "$(BUILT_PRODUCTS_DIR)/20220824-TadreikCampbell-NYCSchools.app/20220824-TadreikCampbell-NYCSchools";
			};
			name = Release;
		};
		455EAEC728B6FAE6004231E9 /* Debug */ = {
			isa = XCBuildConfiguration;
			buildSettings = {
				ALWAYS_EMBED_SWIFT_STANDARD_LIBRARIES = YES;
				CODE_SIGN_STYLE = Automatic;
				CURRENT_PROJECT_VERSION = 1;
				DEVELOPMENT_TEAM = HJXYY5247H;
				GENERATE_INFOPLIST_FILE = YES;
				MARKETING_VERSION = 1.0;
				PRODUCT_BUNDLE_IDENTIFIER = "com.tadreik.-0220824-TadreikCampbell-NYCSchoolsUITests";
				PRODUCT_NAME = "$(TARGET_NAME)";
				SWIFT_EMIT_LOC_STRINGS = NO;
				SWIFT_VERSION = 5.0;
				TARGETED_DEVICE_FAMILY = "1,2";
				TEST_TARGET_NAME = "20220824-TadreikCampbell-NYCSchools";
			};
			name = Debug;
		};
		455EAEC828B6FAE6004231E9 /* Release */ = {
			isa = XCBuildConfiguration;
			buildSettings = {
				ALWAYS_EMBED_SWIFT_STANDARD_LIBRARIES = YES;
				CODE_SIGN_STYLE = Automatic;
				CURRENT_PROJECT_VERSION = 1;
				DEVELOPMENT_TEAM = HJXYY5247H;
				GENERATE_INFOPLIST_FILE = YES;
				MARKETING_VERSION = 1.0;
				PRODUCT_BUNDLE_IDENTIFIER = "com.tadreik.-0220824-TadreikCampbell-NYCSchoolsUITests";
				PRODUCT_NAME = "$(TARGET_NAME)";
				SWIFT_EMIT_LOC_STRINGS = NO;
				SWIFT_VERSION = 5.0;
				TARGETED_DEVICE_FAMILY = "1,2";
				TEST_TARGET_NAME = "20220824-TadreikCampbell-NYCSchools";
			};
			name = Release;
		};
/* End XCBuildConfiguration section */

/* Begin XCConfigurationList section */
		455EAE9128B6FAE5004231E9 /* Build configuration list for PBXProject "20220824-TadreikCampbell-NYCSchools" */ = {
			isa = XCConfigurationList;
			buildConfigurations = (
				455EAEBE28B6FAE6004231E9 /* Debug */,
				455EAEBF28B6FAE6004231E9 /* Release */,
			);
			defaultConfigurationIsVisible = 0;
			defaultConfigurationName = Release;
		};
		455EAEC028B6FAE6004231E9 /* Build configuration list for PBXNativeTarget "20220824-TadreikCampbell-NYCSchools" */ = {
			isa = XCConfigurationList;
			buildConfigurations = (
				455EAEC128B6FAE6004231E9 /* Debug */,
				455EAEC228B6FAE6004231E9 /* Release */,
			);
			defaultConfigurationIsVisible = 0;
			defaultConfigurationName = Release;
		};
		455EAEC328B6FAE6004231E9 /* Build configuration list for PBXNativeTarget "20220824-TadreikCampbell-NYCSchoolsTests" */ = {
			isa = XCConfigurationList;
			buildConfigurations = (
				455EAEC428B6FAE6004231E9 /* Debug */,
				455EAEC528B6FAE6004231E9 /* Release */,
			);
			defaultConfigurationIsVisible = 0;
			defaultConfigurationName = Release;
		};
		455EAEC628B6FAE6004231E9 /* Build configuration list for PBXNativeTarget "20220824-TadreikCampbell-NYCSchoolsUITests" */ = {
			isa = XCConfigurationList;
			buildConfigurations = (
				455EAEC728B6FAE6004231E9 /* Debug */,
				455EAEC828B6FAE6004231E9 /* Release */,
			);
			defaultConfigurationIsVisible = 0;
			defaultConfigurationName = Release;
		};
/* End XCConfigurationList section */
	};
	rootObject = 455EAE8E28B6FAE5004231E9 /* Project object */;
}
